
Microsoft Visual Studio Solution File, Format Version 12.00
# Visual Studio Version 17
VisualStudioVersion = 17.10.35122.118
MinimumVisualStudioVersion = 10.0.40219.1
Project("{8BC9CEB8-8B4A-11D0-8D11-00A0C91BC942}") = "Payment Demo", "Payment Demo\Payment Demo.vcxproj", "{964159C3-EED1-4910-8CAE-DD89FFEFF4F0}"
EndProject
Global
	GlobalSection(SolutionConfigurationPlatforms) = preSolution
		Debug|x64 = Debug|x64
		Debug|x86 = Debug|x86
		Release|x64 = Release|x64
		Release|x86 = Release|x86
	EndGlobalSection
	GlobalSection(ProjectConfigurationPlatforms) = postSolution
		{964159C3-EED1-4910-8CAE-DD89FFEFF4F0}.Debug|x64.ActiveCfg = Debug|x64
		{964159C3-EED1-4910-8CAE-DD89FFEFF4F0}.Debug|x64.Build.0 = Debug|x64
		{964159C3-EED1-4910-8CAE-DD89FFEFF4F0}.Debug|x86.ActiveCfg = Debug|Win32
		{964159C3-EED1-4910-8CAE-DD89FFEFF4F0}.Debug|x86.Build.0 = Debug|Win32
		{964159C3-EED1-4910-8CAE-DD89FFEFF4F0}.Release|x64.ActiveCfg = Release|x64
		{964159C3-EED1-4910-8CAE-DD89FFEFF4F0}.Release|x64.Build.0 = Release|x64
		{964159C3-EED1-4910-8CAE-DD89FFEFF4F0}.Release|x86.ActiveCfg = Release|Win32
		{964159C3-EED1-4910-8CAE-DD89FFEFF4F0}.Release|x86.Build.0 = Release|Win32
	EndGlobalSection
	GlobalSection(SolutionProperties) = preSolution
		HideSolutionNode = FALSE
	EndGlobalSection
	GlobalSection(ExtensibilityGlobals) = postSolution
		SolutionGuid = {A8443AA4-A915-4E27-A9D2-0A373BA5CE6A}
	EndGlobalSection
EndGlobal
